
Microsoft Visual Studio Solution File, Format Version 12.00
# Visual Studio Version 16
VisualStudioVersion = 16.0.30011.22
MinimumVisualStudioVersion = 10.0.40219.1
Project("{FAE04EC0-301F-11D3-BF4B-00C04F79EFBC}") = "VeredBl", "VeredBl\VeredBl.csproj", "{F9E723C4-307C-4F46-957F-5C833EDDF30D}"
EndProject
Project("{FAE04EC0-301F-11D3-BF4B-00C04F79EFBC}") = "VeredInterface", "VeredInterface\VeredInterface.csproj", "{B535DF55-E517-44B9-A294-A0EF4673F72D}"
EndProject
Project("{FAE04EC0-301F-11D3-BF4B-00C04F79EFBC}") = "VeredBlTests", "VeredBlTests\VeredBlTests.csproj", "{8D33B59A-FFA3-4B7A-BE91-9EAEF6F780FB}"
EndProject
Global
	GlobalSection(SolutionConfigurationPlatforms) = preSolution
		Debug|Any CPU = Debug|Any CPU
		Release|Any CPU = Release|Any CPU
	EndGlobalSection
	GlobalSection(ProjectConfigurationPlatforms) = postSolution
		{F9E723C4-307C-4F46-957F-5C833EDDF30D}.Debug|Any CPU.ActiveCfg = Debug|Any CPU
		{F9E723C4-307C-4F46-957F-5C833EDDF30D}.Debug|Any CPU.Build.0 = Debug|Any CPU
		{F9E723C4-307C-4F46-957F-5C833EDDF30D}.Release|Any CPU.ActiveCfg = Release|Any CPU
		{F9E723C4-307C-4F46-957F-5C833EDDF30D}.Release|Any CPU.Build.0 = Release|Any CPU
		{B535DF55-E517-44B9-A294-A0EF4673F72D}.Debug|Any CPU.ActiveCfg = Debug|Any CPU
		{B535DF55-E517-44B9-A294-A0EF4673F72D}.Debug|Any CPU.Build.0 = Debug|Any CPU
		{B535DF55-E517-44B9-A294-A0EF4673F72D}.Release|Any CPU.ActiveCfg = Release|Any CPU
		{B535DF55-E517-44B9-A294-A0EF4673F72D}.Release|Any CPU.Build.0 = Release|Any CPU
		{8D33B59A-FFA3-4B7A-BE91-9EAEF6F780FB}.Debug|Any CPU.ActiveCfg = Debug|Any CPU
		{8D33B59A-FFA3-4B7A-BE91-9EAEF6F780FB}.Debug|Any CPU.Build.0 = Debug|Any CPU
		{8D33B59A-FFA3-4B7A-BE91-9EAEF6F780FB}.Release|Any CPU.ActiveCfg = Release|Any CPU
		{8D33B59A-FFA3-4B7A-BE91-9EAEF6F780FB}.Release|Any CPU.Build.0 = Release|Any CPU
	EndGlobalSection
	GlobalSection(SolutionProperties) = preSolution
		HideSolutionNode = FALSE
	EndGlobalSection
	GlobalSection(ExtensibilityGlobals) = postSolution
		SolutionGuid = {A18B46A1-806B-4CC5-8D22-296BB9D7C694}
	EndGlobalSection
EndGlobal
